
Microsoft Visual Studio Solution File, Format Version 12.00
# Visual Studio 15
VisualStudioVersion = 15.0.26124.0
MinimumVisualStudioVersion = 15.0.26124.0
Project("{2150E333-8FDC-42A3-9474-1A3956D46DE8}") = "Clubs", "Clubs", "{5715A2EF-AE04-4BCC-9A5B-254F08CFA80F}"
EndProject
Project("{FAE04EC0-301F-11D3-BF4B-00C04F79EFBC}") = "Clubs.API", "Clubs\Clubs.API\Clubs.API.csproj", "{EB0B85BC-F934-483A-B90B-93C9B0214FA6}"
EndProject
Project("{FAE04EC0-301F-11D3-BF4B-00C04F79EFBC}") = "Clubs.Application", "Clubs\Clubs.Application\Clubs.Application.csproj", "{728F99A9-F1AF-4F13-BED2-5188F97AA25C}"
EndProject
Project("{FAE04EC0-301F-11D3-BF4B-00C04F79EFBC}") = "Clubs.Domain", "Clubs\Clubs.Domain\Clubs.Domain.csproj", "{E12AD16A-4286-4AA3-9AD6-F8752D59BBC1}"
EndProject
Project("{FAE04EC0-301F-11D3-BF4B-00C04F79EFBC}") = "Clubs.Infrastructure", "Clubs\Clubs.Infrastructure\Clubs.Infrastructure.csproj", "{6F52ABEF-6850-407A-98CC-62EF083E31BB}"
EndProject
Project("{FAE04EC0-301F-11D3-BF4B-00C04F79EFBC}") = "Clubs.Messages", "Clubs\Clubs.Messages\Clubs.Messages.csproj", "{886EB698-4AB0-4BD7-99AA-81CD54AB929A}"
EndProject
Global
	GlobalSection(SolutionConfigurationPlatforms) = preSolution
		Debug|Any CPU = Debug|Any CPU
		Debug|x64 = Debug|x64
		Debug|x86 = Debug|x86
		Release|Any CPU = Release|Any CPU
		Release|x64 = Release|x64
		Release|x86 = Release|x86
	EndGlobalSection
	GlobalSection(SolutionProperties) = preSolution
		HideSolutionNode = FALSE
	EndGlobalSection
	GlobalSection(ProjectConfigurationPlatforms) = postSolution
		{EB0B85BC-F934-483A-B90B-93C9B0214FA6}.Debug|Any CPU.ActiveCfg = Debug|Any CPU
		{EB0B85BC-F934-483A-B90B-93C9B0214FA6}.Debug|Any CPU.Build.0 = Debug|Any CPU
		{EB0B85BC-F934-483A-B90B-93C9B0214FA6}.Debug|x64.ActiveCfg = Debug|Any CPU
		{EB0B85BC-F934-483A-B90B-93C9B0214FA6}.Debug|x64.Build.0 = Debug|Any CPU
		{EB0B85BC-F934-483A-B90B-93C9B0214FA6}.Debug|x86.ActiveCfg = Debug|Any CPU
		{EB0B85BC-F934-483A-B90B-93C9B0214FA6}.Debug|x86.Build.0 = Debug|Any CPU
		{EB0B85BC-F934-483A-B90B-93C9B0214FA6}.Release|Any CPU.ActiveCfg = Release|Any CPU
		{EB0B85BC-F934-483A-B90B-93C9B0214FA6}.Release|Any CPU.Build.0 = Release|Any CPU
		{EB0B85BC-F934-483A-B90B-93C9B0214FA6}.Release|x64.ActiveCfg = Release|Any CPU
		{EB0B85BC-F934-483A-B90B-93C9B0214FA6}.Release|x64.Build.0 = Release|Any CPU
		{EB0B85BC-F934-483A-B90B-93C9B0214FA6}.Release|x86.ActiveCfg = Release|Any CPU
		{EB0B85BC-F934-483A-B90B-93C9B0214FA6}.Release|x86.Build.0 = Release|Any CPU
		{728F99A9-F1AF-4F13-BED2-5188F97AA25C}.Debug|Any CPU.ActiveCfg = Debug|Any CPU
		{728F99A9-F1AF-4F13-BED2-5188F97AA25C}.Debug|Any CPU.Build.0 = Debug|Any CPU
		{728F99A9-F1AF-4F13-BED2-5188F97AA25C}.Debug|x64.ActiveCfg = Debug|Any CPU
		{728F99A9-F1AF-4F13-BED2-5188F97AA25C}.Debug|x64.Build.0 = Debug|Any CPU
		{728F99A9-F1AF-4F13-BED2-5188F97AA25C}.Debug|x86.ActiveCfg = Debug|Any CPU
		{728F99A9-F1AF-4F13-BED2-5188F97AA25C}.Debug|x86.Build.0 = Debug|Any CPU
		{728F99A9-F1AF-4F13-BED2-5188F97AA25C}.Release|Any CPU.ActiveCfg = Release|Any CPU
		{728F99A9-F1AF-4F13-BED2-5188F97AA25C}.Release|Any CPU.Build.0 = Release|Any CPU
		{728F99A9-F1AF-4F13-BED2-5188F97AA25C}.Release|x64.ActiveCfg = Release|Any CPU
		{728F99A9-F1AF-4F13-BED2-5188F97AA25C}.Release|x64.Build.0 = Release|Any CPU
		{728F99A9-F1AF-4F13-BED2-5188F97AA25C}.Release|x86.ActiveCfg = Release|Any CPU
		{728F99A9-F1AF-4F13-BED2-5188F97AA25C}.Release|x86.Build.0 = Release|Any CPU
		{E12AD16A-4286-4AA3-9AD6-F8752D59BBC1}.Debug|Any CPU.ActiveCfg = Debug|Any CPU
		{E12AD16A-4286-4AA3-9AD6-F8752D59BBC1}.Debug|Any CPU.Build.0 = Debug|Any CPU
		{E12AD16A-4286-4AA3-9AD6-F8752D59BBC1}.Debug|x64.ActiveCfg = Debug|Any CPU
		{E12AD16A-4286-4AA3-9AD6-F8752D59BBC1}.Debug|x64.Build.0 = Debug|Any CPU
		{E12AD16A-4286-4AA3-9AD6-F8752D59BBC1}.Debug|x86.ActiveCfg = Debug|Any CPU
		{E12AD16A-4286-4AA3-9AD6-F8752D59BBC1}.Debug|x86.Build.0 = Debug|Any CPU
		{E12AD16A-4286-4AA3-9AD6-F8752D59BBC1}.Release|Any CPU.ActiveCfg = Release|Any CPU
		{E12AD16A-4286-4AA3-9AD6-F8752D59BBC1}.Release|Any CPU.Build.0 = Release|Any CPU
		{E12AD16A-4286-4AA3-9AD6-F8752D59BBC1}.Release|x64.ActiveCfg = Release|Any CPU
		{E12AD16A-4286-4AA3-9AD6-F8752D59BBC1}.Release|x64.Build.0 = Release|Any CPU
		{E12AD16A-4286-4AA3-9AD6-F8752D59BBC1}.Release|x86.ActiveCfg = Release|Any CPU
		{E12AD16A-4286-4AA3-9AD6-F8752D59BBC1}.Release|x86.Build.0 = Release|Any CPU
		{6F52ABEF-6850-407A-98CC-62EF083E31BB}.Debug|Any CPU.ActiveCfg = Debug|Any CPU
		{6F52ABEF-6850-407A-98CC-62EF083E31BB}.Debug|Any CPU.Build.0 = Debug|Any CPU
		{6F52ABEF-6850-407A-98CC-62EF083E31BB}.Debug|x64.ActiveCfg = Debug|Any CPU
		{6F52ABEF-6850-407A-98CC-62EF083E31BB}.Debug|x64.Build.0 = Debug|Any CPU
		{6F52ABEF-6850-407A-98CC-62EF083E31BB}.Debug|x86.ActiveCfg = Debug|Any CPU
		{6F52ABEF-6850-407A-98CC-62EF083E31BB}.Debug|x86.Build.0 = Debug|Any CPU
		{6F52ABEF-6850-407A-98CC-62EF083E31BB}.Release|Any CPU.ActiveCfg = Release|Any CPU
		{6F52ABEF-6850-407A-98CC-62EF083E31BB}.Release|Any CPU.Build.0 = Release|Any CPU
		{6F52ABEF-6850-407A-98CC-62EF083E31BB}.Release|x64.ActiveCfg = Release|Any CPU
		{6F52ABEF-6850-407A-98CC-62EF083E31BB}.Release|x64.Build.0 = Release|Any CPU
		{6F52ABEF-6850-407A-98CC-62EF083E31BB}.Release|x86.ActiveCfg = Release|Any CPU
		{6F52ABEF-6850-407A-98CC-62EF083E31BB}.Release|x86.Build.0 = Release|Any CPU
		{886EB698-4AB0-4BD7-99AA-81CD54AB929A}.Debug|Any CPU.ActiveCfg = Debug|Any CPU
		{886EB698-4AB0-4BD7-99AA-81CD54AB929A}.Debug|Any CPU.Build.0 = Debug|Any CPU
		{886EB698-4AB0-4BD7-99AA-81CD54AB929A}.Debug|x64.ActiveCfg = Debug|Any CPU
		{886EB698-4AB0-4BD7-99AA-81CD54AB929A}.Debug|x64.Build.0 = Debug|Any CPU
		{886EB698-4AB0-4BD7-99AA-81CD54AB929A}.Debug|x86.ActiveCfg = Debug|Any CPU
		{886EB698-4AB0-4BD7-99AA-81CD54AB929A}.Debug|x86.Build.0 = Debug|Any CPU
		{886EB698-4AB0-4BD7-99AA-81CD54AB929A}.Release|Any CPU.ActiveCfg = Release|Any CPU
		{886EB698-4AB0-4BD7-99AA-81CD54AB929A}.Release|Any CPU.Build.0 = Release|Any CPU
		{886EB698-4AB0-4BD7-99AA-81CD54AB929A}.Release|x64.ActiveCfg = Release|Any CPU
		{886EB698-4AB0-4BD7-99AA-81CD54AB929A}.Release|x64.Build.0 = Release|Any CPU
		{886EB698-4AB0-4BD7-99AA-81CD54AB929A}.Release|x86.ActiveCfg = Release|Any CPU
		{886EB698-4AB0-4BD7-99AA-81CD54AB929A}.Release|x86.Build.0 = Release|Any CPU
	EndGlobalSection
	GlobalSection(NestedProjects) = preSolution
		{EB0B85BC-F934-483A-B90B-93C9B0214FA6} = {5715A2EF-AE04-4BCC-9A5B-254F08CFA80F}
		{728F99A9-F1AF-4F13-BED2-5188F97AA25C} = {5715A2EF-AE04-4BCC-9A5B-254F08CFA80F}
		{E12AD16A-4286-4AA3-9AD6-F8752D59BBC1} = {5715A2EF-AE04-4BCC-9A5B-254F08CFA80F}
		{6F52ABEF-6850-407A-98CC-62EF083E31BB} = {5715A2EF-AE04-4BCC-9A5B-254F08CFA80F}
		{886EB698-4AB0-4BD7-99AA-81CD54AB929A} = {5715A2EF-AE04-4BCC-9A5B-254F08CFA80F}
	EndGlobalSection
EndGlobal
